// !$*UTF8*$!
{
	archiveVersion = 1;
	classes = {
	};
	objectVersion = 55;
	objects = {

/* Begin PBXBuildFile section */
		08A3A822284000E600D9F88C /* ViewModelApplyied.swift in Sources */ = {isa = PBXBuildFile; fileRef = 08A3A821284000E600D9F88C /* ViewModelApplyied.swift */; };
		08A3A824284000F900D9F88C /* ViewControllerMakeable.swift in Sources */ = {isa = PBXBuildFile; fileRef = 08A3A823284000F900D9F88C /* ViewControllerMakeable.swift */; };
		08A3A827284001E000D9F88C /* NetworkManager.swift in Sources */ = {isa = PBXBuildFile; fileRef = 08A3A826284001E000D9F88C /* NetworkManager.swift */; };
		08A3A82A2840027D00D9F88C /* RSSItem.swift in Sources */ = {isa = PBXBuildFile; fileRef = 08A3A8292840027D00D9F88C /* RSSItem.swift */; };
		08A3A82C284004D300D9F88C /* Bindable.swift in Sources */ = {isa = PBXBuildFile; fileRef = 08A3A82B284004D300D9F88C /* Bindable.swift */; };
		08A3A82F2840055E00D9F88C /* ListCellViewModel.swift in Sources */ = {isa = PBXBuildFile; fileRef = 08A3A82E2840055E00D9F88C /* ListCellViewModel.swift */; };
		18470FC9E4E9440EB05AFE5E /* Pods_RSSFeedReader.framework in Frameworks */ = {isa = PBXBuildFile; fileRef = FCF9ADCE138F2681BC8ADD78 /* Pods_RSSFeedReader.framework */; };
		8805400F283D3A1B007D2762 /* AppDelegate.swift in Sources */ = {isa = PBXBuildFile; fileRef = 8805400E283D3A1B007D2762 /* AppDelegate.swift */; };
		88054013283D3A1B007D2762 /* ViewController.swift in Sources */ = {isa = PBXBuildFile; fileRef = 88054012283D3A1B007D2762 /* ViewController.swift */; };
		88054016283D3A1B007D2762 /* Main.storyboard in Resources */ = {isa = PBXBuildFile; fileRef = 88054014283D3A1B007D2762 /* Main.storyboard */; };
		88054018283D3A1D007D2762 /* Assets.xcassets in Resources */ = {isa = PBXBuildFile; fileRef = 88054017283D3A1D007D2762 /* Assets.xcassets */; };
		8805401B283D3A1D007D2762 /* LaunchScreen.storyboard in Resources */ = {isa = PBXBuildFile; fileRef = 88054019283D3A1D007D2762 /* LaunchScreen.storyboard */; };
		88054027283D559A007D2762 /* R.generated.swift in Sources */ = {isa = PBXBuildFile; fileRef = 88054026283D559A007D2762 /* R.generated.swift */; };
		88C0164C283E40340030D7FD /* CoordinatorExample.swift in Sources */ = {isa = PBXBuildFile; fileRef = 88C0164B283E40340030D7FD /* CoordinatorExample.swift */; };
		88C0164E283E40E80030D7FD /* AppCoordinatorExample.swift in Sources */ = {isa = PBXBuildFile; fileRef = 88C0164D283E40E80030D7FD /* AppCoordinatorExample.swift */; };
		88C01650283E47CE0030D7FD /* LoginViewController.swift in Sources */ = {isa = PBXBuildFile; fileRef = 88C0164F283E47CE0030D7FD /* LoginViewController.swift */; };
		88C01652283E48210030D7FD /* RegisterViewController.swift in Sources */ = {isa = PBXBuildFile; fileRef = 88C01651283E48210030D7FD /* RegisterViewController.swift */; };
		88C01654283E48B70030D7FD /* ViewModel.swift in Sources */ = {isa = PBXBuildFile; fileRef = 88C01653283E48B70030D7FD /* ViewModel.swift */; };
		88C0165B283E64AD0030D7FD /* ListViewController.swift in Sources */ = {isa = PBXBuildFile; fileRef = 88C01659283E64AD0030D7FD /* ListViewController.swift */; };
		88C0165C283E64AD0030D7FD /* ListViewController.xib in Resources */ = {isa = PBXBuildFile; fileRef = 88C0165A283E64AD0030D7FD /* ListViewController.xib */; };
		88C0165F283E64C20030D7FD /* DetailsViewController.swift in Sources */ = {isa = PBXBuildFile; fileRef = 88C0165D283E64C20030D7FD /* DetailsViewController.swift */; };
		88C01660283E64C20030D7FD /* DetailsViewController.xib in Resources */ = {isa = PBXBuildFile; fileRef = 88C0165E283E64C20030D7FD /* DetailsViewController.xib */; };
		88C01663283E64F80030D7FD /* SettingsViewController.swift in Sources */ = {isa = PBXBuildFile; fileRef = 88C01661283E64F80030D7FD /* SettingsViewController.swift */; };
		88C01664283E64F80030D7FD /* SettingsViewController.xib in Resources */ = {isa = PBXBuildFile; fileRef = 88C01662283E64F80030D7FD /* SettingsViewController.xib */; };
		88C01666283E6AEE0030D7FD /* Coordinator.swift in Sources */ = {isa = PBXBuildFile; fileRef = 88C01665283E6AEE0030D7FD /* Coordinator.swift */; };
		88C01668283E6C800030D7FD /* AppCoordinator.swift in Sources */ = {isa = PBXBuildFile; fileRef = 88C01667283E6C800030D7FD /* AppCoordinator.swift */; };
		88C0166A283E6D610030D7FD /* ListViewModel.swift in Sources */ = {isa = PBXBuildFile; fileRef = 88C01669283E6D610030D7FD /* ListViewModel.swift */; };
		88C0166C283E82C90030D7FD /* Results.swift in Sources */ = {isa = PBXBuildFile; fileRef = 88C0166B283E82C90030D7FD /* Results.swift */; };
		88C0166E283E84AB0030D7FD /* LoadData.swift in Sources */ = {isa = PBXBuildFile; fileRef = 88C0166D283E84AB0030D7FD /* LoadData.swift */; };
		88C01671283FC7E00030D7FD /* ListCell.xib in Resources */ = {isa = PBXBuildFile; fileRef = 88C01670283FC7E00030D7FD /* ListCell.xib */; };
		88C01673283FC8CC0030D7FD /* ListTableViewCell.swift in Sources */ = {isa = PBXBuildFile; fileRef = 88C01672283FC8CC0030D7FD /* ListTableViewCell.swift */; };
		88C016752840C76E0030D7FD /* XMLManager.swift in Sources */ = {isa = PBXBuildFile; fileRef = 88C016742840C76E0030D7FD /* XMLManager.swift */; };
/* End PBXBuildFile section */

/* Begin PBXFileReference section */
		08A3A821284000E600D9F88C /* ViewModelApplyied.swift */ = {isa = PBXFileReference; lastKnownFileType = sourcecode.swift; path = ViewModelApplyied.swift; sourceTree = "<group>"; };
		08A3A823284000F900D9F88C /* ViewControllerMakeable.swift */ = {isa = PBXFileReference; lastKnownFileType = sourcecode.swift; path = ViewControllerMakeable.swift; sourceTree = "<group>"; };
		08A3A826284001E000D9F88C /* NetworkManager.swift */ = {isa = PBXFileReference; lastKnownFileType = sourcecode.swift; path = NetworkManager.swift; sourceTree = "<group>"; };
		08A3A8292840027D00D9F88C /* RSSItem.swift */ = {isa = PBXFileReference; lastKnownFileType = sourcecode.swift; path = RSSItem.swift; sourceTree = "<group>"; };
		08A3A82B284004D300D9F88C /* Bindable.swift */ = {isa = PBXFileReference; fileEncoding = 4; lastKnownFileType = sourcecode.swift; path = Bindable.swift; sourceTree = "<group>"; };
		08A3A82E2840055E00D9F88C /* ListCellViewModel.swift */ = {isa = PBXFileReference; lastKnownFileType = sourcecode.swift; path = ListCellViewModel.swift; sourceTree = "<group>"; };
		8805400B283D3A1B007D2762 /* RSSFeedReader.app */ = {isa = PBXFileReference; explicitFileType = wrapper.application; includeInIndex = 0; path = RSSFeedReader.app; sourceTree = BUILT_PRODUCTS_DIR; };
		8805400E283D3A1B007D2762 /* AppDelegate.swift */ = {isa = PBXFileReference; lastKnownFileType = sourcecode.swift; path = AppDelegate.swift; sourceTree = "<group>"; };
		88054012283D3A1B007D2762 /* ViewController.swift */ = {isa = PBXFileReference; lastKnownFileType = sourcecode.swift; path = ViewController.swift; sourceTree = "<group>"; };
		88054015283D3A1B007D2762 /* Base */ = {isa = PBXFileReference; lastKnownFileType = file.storyboard; name = Base; path = Base.lproj/Main.storyboard; sourceTree = "<group>"; };
		88054017283D3A1D007D2762 /* Assets.xcassets */ = {isa = PBXFileReference; lastKnownFileType = folder.assetcatalog; path = Assets.xcassets; sourceTree = "<group>"; };
		8805401A283D3A1D007D2762 /* Base */ = {isa = PBXFileReference; lastKnownFileType = file.storyboard; name = Base; path = Base.lproj/LaunchScreen.storyboard; sourceTree = "<group>"; };
		8805401C283D3A1D007D2762 /* Info.plist */ = {isa = PBXFileReference; lastKnownFileType = text.plist.xml; path = Info.plist; sourceTree = "<group>"; };
		88054026283D559A007D2762 /* R.generated.swift */ = {isa = PBXFileReference; fileEncoding = 4; lastKnownFileType = sourcecode.swift; path = R.generated.swift; sourceTree = "<group>"; };
		88C0164B283E40340030D7FD /* CoordinatorExample.swift */ = {isa = PBXFileReference; lastKnownFileType = sourcecode.swift; path = CoordinatorExample.swift; sourceTree = "<group>"; };
		88C0164D283E40E80030D7FD /* AppCoordinatorExample.swift */ = {isa = PBXFileReference; lastKnownFileType = sourcecode.swift; path = AppCoordinatorExample.swift; sourceTree = "<group>"; };
		88C0164F283E47CE0030D7FD /* LoginViewController.swift */ = {isa = PBXFileReference; lastKnownFileType = sourcecode.swift; path = LoginViewController.swift; sourceTree = "<group>"; };
		88C01651283E48210030D7FD /* RegisterViewController.swift */ = {isa = PBXFileReference; lastKnownFileType = sourcecode.swift; path = RegisterViewController.swift; sourceTree = "<group>"; };
		88C01653283E48B70030D7FD /* ViewModel.swift */ = {isa = PBXFileReference; lastKnownFileType = sourcecode.swift; path = ViewModel.swift; sourceTree = "<group>"; };
		88C01659283E64AD0030D7FD /* ListViewController.swift */ = {isa = PBXFileReference; lastKnownFileType = sourcecode.swift; path = ListViewController.swift; sourceTree = "<group>"; };
		88C0165A283E64AD0030D7FD /* ListViewController.xib */ = {isa = PBXFileReference; lastKnownFileType = file.xib; path = ListViewController.xib; sourceTree = "<group>"; };
		88C0165D283E64C20030D7FD /* DetailsViewController.swift */ = {isa = PBXFileReference; lastKnownFileType = sourcecode.swift; path = DetailsViewController.swift; sourceTree = "<group>"; };
		88C0165E283E64C20030D7FD /* DetailsViewController.xib */ = {isa = PBXFileReference; lastKnownFileType = file.xib; path = DetailsViewController.xib; sourceTree = "<group>"; };
		88C01661283E64F80030D7FD /* SettingsViewController.swift */ = {isa = PBXFileReference; lastKnownFileType = sourcecode.swift; path = SettingsViewController.swift; sourceTree = "<group>"; };
		88C01662283E64F80030D7FD /* SettingsViewController.xib */ = {isa = PBXFileReference; lastKnownFileType = file.xib; path = SettingsViewController.xib; sourceTree = "<group>"; };
		88C01665283E6AEE0030D7FD /* Coordinator.swift */ = {isa = PBXFileReference; lastKnownFileType = sourcecode.swift; path = Coordinator.swift; sourceTree = "<group>"; };
		88C01667283E6C800030D7FD /* AppCoordinator.swift */ = {isa = PBXFileReference; lastKnownFileType = sourcecode.swift; path = AppCoordinator.swift; sourceTree = "<group>"; };
		88C01669283E6D610030D7FD /* ListViewModel.swift */ = {isa = PBXFileReference; lastKnownFileType = sourcecode.swift; path = ListViewModel.swift; sourceTree = "<group>"; };
		88C0166B283E82C90030D7FD /* Results.swift */ = {isa = PBXFileReference; lastKnownFileType = sourcecode.swift; path = Results.swift; sourceTree = "<group>"; };
		88C0166D283E84AB0030D7FD /* LoadData.swift */ = {isa = PBXFileReference; lastKnownFileType = sourcecode.swift; path = LoadData.swift; sourceTree = "<group>"; };
		88C0166F283F72F20030D7FD /* XML.xml */ = {isa = PBXFileReference; lastKnownFileType = text.xml; path = XML.xml; sourceTree = "<group>"; };
		88C01670283FC7E00030D7FD /* ListCell.xib */ = {isa = PBXFileReference; lastKnownFileType = file.xib; path = ListCell.xib; sourceTree = "<group>"; };
		88C01672283FC8CC0030D7FD /* ListTableViewCell.swift */ = {isa = PBXFileReference; lastKnownFileType = sourcecode.swift; path = ListTableViewCell.swift; sourceTree = "<group>"; };
		88C016742840C76E0030D7FD /* XMLManager.swift */ = {isa = PBXFileReference; lastKnownFileType = sourcecode.swift; path = XMLManager.swift; sourceTree = "<group>"; };
		95C78FC83EBD143D5C71536E /* Pods-RSSFeedReader.release.xcconfig */ = {isa = PBXFileReference; includeInIndex = 1; lastKnownFileType = text.xcconfig; name = "Pods-RSSFeedReader.release.xcconfig"; path = "Target Support Files/Pods-RSSFeedReader/Pods-RSSFeedReader.release.xcconfig"; sourceTree = "<group>"; };
		E17B295F1BF39E84CB111E0B /* Pods-RSSFeedReader.debug.xcconfig */ = {isa = PBXFileReference; includeInIndex = 1; lastKnownFileType = text.xcconfig; name = "Pods-RSSFeedReader.debug.xcconfig"; path = "Target Support Files/Pods-RSSFeedReader/Pods-RSSFeedReader.debug.xcconfig"; sourceTree = "<group>"; };
		FCF9ADCE138F2681BC8ADD78 /* Pods_RSSFeedReader.framework */ = {isa = PBXFileReference; explicitFileType = wrapper.framework; includeInIndex = 0; path = Pods_RSSFeedReader.framework; sourceTree = BUILT_PRODUCTS_DIR; };
/* End PBXFileReference section */

/* Begin PBXFrameworksBuildPhase section */
		88054008283D3A1B007D2762 /* Frameworks */ = {
			isa = PBXFrameworksBuildPhase;
			buildActionMask = 2147483647;
			files = (
				18470FC9E4E9440EB05AFE5E /* Pods_RSSFeedReader.framework in Frameworks */,
			);
			runOnlyForDeploymentPostprocessing = 0;
		};
/* End PBXFrameworksBuildPhase section */

/* Begin PBXGroup section */
		08A3A81A283FF51900D9F88C /* Generics */ = {
			isa = PBXGroup;
			children = (
				08A3A82B284004D300D9F88C /* Bindable.swift */,
				88C01665283E6AEE0030D7FD /* Coordinator.swift */,
				08A3A821284000E600D9F88C /* ViewModelApplyied.swift */,
				08A3A823284000F900D9F88C /* ViewControllerMakeable.swift */,
			);
			path = Generics;
			sourceTree = "<group>";
		};
		08A3A81B283FF7A100D9F88C /* Flows */ = {
			isa = PBXGroup;
			children = (
				08A3A81C283FF7AA00D9F88C /* List */,
			);
			path = Flows;
			sourceTree = "<group>";
		};
		08A3A81C283FF7AA00D9F88C /* List */ = {
			isa = PBXGroup;
			children = (
				08A3A82D2840053E00D9F88C /* Cell */,
				88C01669283E6D610030D7FD /* ListViewModel.swift */,
				88C0165A283E64AD0030D7FD /* ListViewController.xib */,
				88C01659283E64AD0030D7FD /* ListViewController.swift */,
			);
			path = List;
			sourceTree = "<group>";
		};
		08A3A825284001C500D9F88C /* Network */ = {
			isa = PBXGroup;
			children = (
				08A3A826284001E000D9F88C /* NetworkManager.swift */,
				08A3A8292840027D00D9F88C /* RSSItem.swift */,
				88C016742840C76E0030D7FD /* XMLManager.swift */,
			);
			path = Network;
			sourceTree = "<group>";
		};
		08A3A82D2840053E00D9F88C /* Cell */ = {
			isa = PBXGroup;
			children = (
				88C01672283FC8CC0030D7FD /* ListTableViewCell.swift */,
				88C01670283FC7E00030D7FD /* ListCell.xib */,
				08A3A82E2840055E00D9F88C /* ListCellViewModel.swift */,
			);
			path = Cell;
			sourceTree = "<group>";
		};
		7813A91AABD6D447581B8839 /* Pods */ = {
			isa = PBXGroup;
			children = (
				E17B295F1BF39E84CB111E0B /* Pods-RSSFeedReader.debug.xcconfig */,
				95C78FC83EBD143D5C71536E /* Pods-RSSFeedReader.release.xcconfig */,
			);
			path = Pods;
			sourceTree = "<group>";
		};
		88054002283D3A1B007D2762 = {
			isa = PBXGroup;
			children = (
				88C0166F283F72F20030D7FD /* XML.xml */,
				88054026283D559A007D2762 /* R.generated.swift */,
				8805400D283D3A1B007D2762 /* RSSFeedReader */,
				8805400C283D3A1B007D2762 /* Products */,
				7813A91AABD6D447581B8839 /* Pods */,
				C423C5A21C030464B8869F9C /* Frameworks */,
			);
			sourceTree = "<group>";
		};
		8805400C283D3A1B007D2762 /* Products */ = {
			isa = PBXGroup;
			children = (
				8805400B283D3A1B007D2762 /* RSSFeedReader.app */,
			);
			name = Products;
			sourceTree = "<group>";
		};
		8805400D283D3A1B007D2762 /* RSSFeedReader */ = {
			isa = PBXGroup;
			children = (
				08A3A825284001C500D9F88C /* Network */,
				08A3A81B283FF7A100D9F88C /* Flows */,
				08A3A81A283FF51900D9F88C /* Generics */,
				88C01658283E616A0030D7FD /* Coordinator */,
				88C01657283E61600030D7FD /* ViewModel */,
				88C01656283E61570030D7FD /* View */,
				88C01655283E614E0030D7FD /* Model */,
				8805400E283D3A1B007D2762 /* AppDelegate.swift */,
				88054012283D3A1B007D2762 /* ViewController.swift */,
				88054014283D3A1B007D2762 /* Main.storyboard */,
				88054017283D3A1D007D2762 /* Assets.xcassets */,
				88054019283D3A1D007D2762 /* LaunchScreen.storyboard */,
				8805401C283D3A1D007D2762 /* Info.plist */,
				88C0164B283E40340030D7FD /* CoordinatorExample.swift */,
				88C0164D283E40E80030D7FD /* AppCoordinatorExample.swift */,
				88C0164F283E47CE0030D7FD /* LoginViewController.swift */,
				88C01651283E48210030D7FD /* RegisterViewController.swift */,
				88C01653283E48B70030D7FD /* ViewModel.swift */,
			);
			path = RSSFeedReader;
			sourceTree = "<group>";
		};
		88C01655283E614E0030D7FD /* Model */ = {
			isa = PBXGroup;
			children = (
				88C0166B283E82C90030D7FD /* Results.swift */,
				88C0166D283E84AB0030D7FD /* LoadData.swift */,
			);
			path = Model;
			sourceTree = "<group>";
		};
		88C01656283E61570030D7FD /* View */ = {
			isa = PBXGroup;
			children = (
				88C0165D283E64C20030D7FD /* DetailsViewController.swift */,
				88C0165E283E64C20030D7FD /* DetailsViewController.xib */,
				88C01661283E64F80030D7FD /* SettingsViewController.swift */,
				88C01662283E64F80030D7FD /* SettingsViewController.xib */,
			);
			path = View;
			sourceTree = "<group>";
		};
		88C01657283E61600030D7FD /* ViewModel */ = {
			isa = PBXGroup;
			children = (
			);
			path = ViewModel;
			sourceTree = "<group>";
		};
		88C01658283E616A0030D7FD /* Coordinator */ = {
			isa = PBXGroup;
			children = (
				88C01667283E6C800030D7FD /* AppCoordinator.swift */,
			);
			path = Coordinator;
			sourceTree = "<group>";
		};
		C423C5A21C030464B8869F9C /* Frameworks */ = {
			isa = PBXGroup;
			children = (
				FCF9ADCE138F2681BC8ADD78 /* Pods_RSSFeedReader.framework */,
			);
			name = Frameworks;
			sourceTree = "<group>";
		};
/* End PBXGroup section */

/* Begin PBXNativeTarget section */
		8805400A283D3A1B007D2762 /* RSSFeedReader */ = {
			isa = PBXNativeTarget;
			buildConfigurationList = 8805401F283D3A1D007D2762 /* Build configuration list for PBXNativeTarget "RSSFeedReader" */;
			buildPhases = (
				B112644E6A4AA70B10C0A1C3 /* [CP] Check Pods Manifest.lock */,
				88054023283D3BD1007D2762 /* RSwift */,
				88054022283D3BC1007D2762 /* SwiftLint */,
				88054007283D3A1B007D2762 /* Sources */,
				88054008283D3A1B007D2762 /* Frameworks */,
				88054009283D3A1B007D2762 /* Resources */,
				452A3B64AA8CBB7955687B57 /* [CP] Embed Pods Frameworks */,
			);
			buildRules = (
			);
			dependencies = (
			);
			name = RSSFeedReader;
			productName = RSSFeedReader;
			productReference = 8805400B283D3A1B007D2762 /* RSSFeedReader.app */;
			productType = "com.apple.product-type.application";
		};
/* End PBXNativeTarget section */

/* Begin PBXProject section */
		88054003283D3A1B007D2762 /* Project object */ = {
			isa = PBXProject;
			attributes = {
				BuildIndependentTargetsInParallel = 1;
				LastSwiftUpdateCheck = 1330;
				LastUpgradeCheck = 1330;
				TargetAttributes = {
					8805400A283D3A1B007D2762 = {
						CreatedOnToolsVersion = 13.3;
					};
				};
			};
			buildConfigurationList = 88054006283D3A1B007D2762 /* Build configuration list for PBXProject "RSSFeedReader" */;
			compatibilityVersion = "Xcode 13.0";
			developmentRegion = en;
			hasScannedForEncodings = 0;
			knownRegions = (
				en,
				Base,
			);
			mainGroup = 88054002283D3A1B007D2762;
			productRefGroup = 8805400C283D3A1B007D2762 /* Products */;
			projectDirPath = "";
			projectRoot = "";
			targets = (
				8805400A283D3A1B007D2762 /* RSSFeedReader */,
			);
		};
/* End PBXProject section */

/* Begin PBXResourcesBuildPhase section */
		88054009283D3A1B007D2762 /* Resources */ = {
			isa = PBXResourcesBuildPhase;
			buildActionMask = 2147483647;
			files = (
				8805401B283D3A1D007D2762 /* LaunchScreen.storyboard in Resources */,
				88C01664283E64F80030D7FD /* SettingsViewController.xib in Resources */,
				88054018283D3A1D007D2762 /* Assets.xcassets in Resources */,
				88C01660283E64C20030D7FD /* DetailsViewController.xib in Resources */,
				88C0165C283E64AD0030D7FD /* ListViewController.xib in Resources */,
				88054016283D3A1B007D2762 /* Main.storyboard in Resources */,
				88C01671283FC7E00030D7FD /* ListCell.xib in Resources */,
			);
			runOnlyForDeploymentPostprocessing = 0;
		};
/* End PBXResourcesBuildPhase section */

/* Begin PBXShellScriptBuildPhase section */
		452A3B64AA8CBB7955687B57 /* [CP] Embed Pods Frameworks */ = {
			isa = PBXShellScriptBuildPhase;
			buildActionMask = 2147483647;
			files = (
			);
			inputFileListPaths = (
				"${PODS_ROOT}/Target Support Files/Pods-RSSFeedReader/Pods-RSSFeedReader-frameworks-${CONFIGURATION}-input-files.xcfilelist",
			);
			name = "[CP] Embed Pods Frameworks";
			outputFileListPaths = (
				"${PODS_ROOT}/Target Support Files/Pods-RSSFeedReader/Pods-RSSFeedReader-frameworks-${CONFIGURATION}-output-files.xcfilelist",
			);
			runOnlyForDeploymentPostprocessing = 0;
			shellPath = /bin/sh;
			shellScript = "\"${PODS_ROOT}/Target Support Files/Pods-RSSFeedReader/Pods-RSSFeedReader-frameworks.sh\"\n";
			showEnvVarsInLog = 0;
		};
		88054022283D3BC1007D2762 /* SwiftLint */ = {
			isa = PBXShellScriptBuildPhase;
			alwaysOutOfDate = 1;
			buildActionMask = 2147483647;
			files = (
			);
			inputFileListPaths = (
			);
			inputPaths = (
			);
			name = SwiftLint;
			outputFileListPaths = (
			);
			outputPaths = (
			);
			runOnlyForDeploymentPostprocessing = 0;
			shellPath = /bin/sh;
			shellScript = "if which \"${PODS_ROOT}/SwiftLint/swiftlint\" >/dev/null; then\n    ${PODS_ROOT}/SwiftLint/swiftlint\nelse\n    echo \"warning: SwiftLint not installed, download from https://github.com/realm/SwiftLint\"\nfi\n";
		};
		88054023283D3BD1007D2762 /* RSwift */ = {
			isa = PBXShellScriptBuildPhase;
			alwaysOutOfDate = 1;
			buildActionMask = 2147483647;
			files = (
			);
			inputFileListPaths = (
			);
			inputPaths = (
			);
			name = RSwift;
			outputFileListPaths = (
			);
			outputPaths = (
				$SRCROOT/R.generated.swift,
			);
			runOnlyForDeploymentPostprocessing = 0;
			shellPath = /bin/sh;
			shellScript = "\"$PODS_ROOT/R.swift/rswift\" generate \"$SRCROOT/R.generated.swift\"\n";
		};
		B112644E6A4AA70B10C0A1C3 /* [CP] Check Pods Manifest.lock */ = {
			isa = PBXShellScriptBuildPhase;
			buildActionMask = 2147483647;
			files = (
			);
			inputFileListPaths = (
			);
			inputPaths = (
				"${PODS_PODFILE_DIR_PATH}/Podfile.lock",
				"${PODS_ROOT}/Manifest.lock",
			);
			name = "[CP] Check Pods Manifest.lock";
			outputFileListPaths = (
			);
			outputPaths = (
				"$(DERIVED_FILE_DIR)/Pods-RSSFeedReader-checkManifestLockResult.txt",
			);
			runOnlyForDeploymentPostprocessing = 0;
			shellPath = /bin/sh;
			shellScript = "diff \"${PODS_PODFILE_DIR_PATH}/Podfile.lock\" \"${PODS_ROOT}/Manifest.lock\" > /dev/null\nif [ $? != 0 ] ; then\n    # print error to STDERR\n    echo \"error: The sandbox is not in sync with the Podfile.lock. Run 'pod install' or update your CocoaPods installation.\" >&2\n    exit 1\nfi\n# This output is used by Xcode 'outputs' to avoid re-running this script phase.\necho \"SUCCESS\" > \"${SCRIPT_OUTPUT_FILE_0}\"\n";
			showEnvVarsInLog = 0;
		};
/* End PBXShellScriptBuildPhase section */

/* Begin PBXSourcesBuildPhase section */
		88054007283D3A1B007D2762 /* Sources */ = {
			isa = PBXSourcesBuildPhase;
			buildActionMask = 2147483647;
			files = (
				08A3A824284000F900D9F88C /* ViewControllerMakeable.swift in Sources */,
				08A3A82F2840055E00D9F88C /* ListCellViewModel.swift in Sources */,
				88C01650283E47CE0030D7FD /* LoginViewController.swift in Sources */,
				88C0164E283E40E80030D7FD /* AppCoordinatorExample.swift in Sources */,
				08A3A82A2840027D00D9F88C /* RSSItem.swift in Sources */,
				08A3A82C284004D300D9F88C /* Bindable.swift in Sources */,
				88C0166A283E6D610030D7FD /* ListViewModel.swift in Sources */,
				88C0166E283E84AB0030D7FD /* LoadData.swift in Sources */,
				88C016752840C76E0030D7FD /* XMLManager.swift in Sources */,
				88C01668283E6C800030D7FD /* AppCoordinator.swift in Sources */,
				88C01673283FC8CC0030D7FD /* ListTableViewCell.swift in Sources */,
				08A3A822284000E600D9F88C /* ViewModelApplyied.swift in Sources */,
				88C01663283E64F80030D7FD /* SettingsViewController.swift in Sources */,
				88C0166C283E82C90030D7FD /* Results.swift in Sources */,
				88C01652283E48210030D7FD /* RegisterViewController.swift in Sources */,
				88054013283D3A1B007D2762 /* ViewController.swift in Sources */,
				08A3A827284001E000D9F88C /* NetworkManager.swift in Sources */,
				8805400F283D3A1B007D2762 /* AppDelegate.swift in Sources */,
				88C0165B283E64AD0030D7FD /* ListViewController.swift in Sources */,
				88C0164C283E40340030D7FD /* CoordinatorExample.swift in Sources */,
				88C01666283E6AEE0030D7FD /* Coordinator.swift in Sources */,
				88C01654283E48B70030D7FD /* ViewModel.swift in Sources */,
				88054027283D559A007D2762 /* R.generated.swift in Sources */,
				88C0165F283E64C20030D7FD /* DetailsViewController.swift in Sources */,
			);
			runOnlyForDeploymentPostprocessing = 0;
		};
/* End PBXSourcesBuildPhase section */

/* Begin PBXVariantGroup section */
		88054014283D3A1B007D2762 /* Main.storyboard */ = {
			isa = PBXVariantGroup;
			children = (
				88054015283D3A1B007D2762 /* Base */,
			);
			name = Main.storyboard;
			sourceTree = "<group>";
		};
		88054019283D3A1D007D2762 /* LaunchScreen.storyboard */ = {
			isa = PBXVariantGroup;
			children = (
				8805401A283D3A1D007D2762 /* Base */,
			);
			name = LaunchScreen.storyboard;
			sourceTree = "<group>";
		};
/* End PBXVariantGroup section */

/* Begin XCBuildConfiguration section */
		8805401D283D3A1D007D2762 /* Debug */ = {
			isa = XCBuildConfiguration;
			buildSettings = {
				ALWAYS_SEARCH_USER_PATHS = NO;
				CLANG_ANALYZER_NONNULL = YES;
				CLANG_ANALYZER_NUMBER_OBJECT_CONVERSION = YES_AGGRESSIVE;
				CLANG_CXX_LANGUAGE_STANDARD = "gnu++17";
				CLANG_ENABLE_MODULES = YES;
				CLANG_ENABLE_OBJC_ARC = YES;
				CLANG_ENABLE_OBJC_WEAK = YES;
				CLANG_WARN_BLOCK_CAPTURE_AUTORELEASING = YES;
				CLANG_WARN_BOOL_CONVERSION = YES;
				CLANG_WARN_COMMA = YES;
				CLANG_WARN_CONSTANT_CONVERSION = YES;
				CLANG_WARN_DEPRECATED_OBJC_IMPLEMENTATIONS = YES;
				CLANG_WARN_DIRECT_OBJC_ISA_USAGE = YES_ERROR;
				CLANG_WARN_DOCUMENTATION_COMMENTS = YES;
				CLANG_WARN_EMPTY_BODY = YES;
				CLANG_WARN_ENUM_CONVERSION = YES;
				CLANG_WARN_INFINITE_RECURSION = YES;
				CLANG_WARN_INT_CONVERSION = YES;
				CLANG_WARN_NON_LITERAL_NULL_CONVERSION = YES;
				CLANG_WARN_OBJC_IMPLICIT_RETAIN_SELF = YES;
				CLANG_WARN_OBJC_LITERAL_CONVERSION = YES;
				CLANG_WARN_OBJC_ROOT_CLASS = YES_ERROR;
				CLANG_WARN_QUOTED_INCLUDE_IN_FRAMEWORK_HEADER = YES;
				CLANG_WARN_RANGE_LOOP_ANALYSIS = YES;
				CLANG_WARN_STRICT_PROTOTYPES = YES;
				CLANG_WARN_SUSPICIOUS_MOVE = YES;
				CLANG_WARN_UNGUARDED_AVAILABILITY = YES_AGGRESSIVE;
				CLANG_WARN_UNREACHABLE_CODE = YES;
				CLANG_WARN__DUPLICATE_METHOD_MATCH = YES;
				COPY_PHASE_STRIP = NO;
				DEBUG_INFORMATION_FORMAT = dwarf;
				ENABLE_STRICT_OBJC_MSGSEND = YES;
				ENABLE_TESTABILITY = YES;
				GCC_C_LANGUAGE_STANDARD = gnu11;
				GCC_DYNAMIC_NO_PIC = NO;
				GCC_NO_COMMON_BLOCKS = YES;
				GCC_OPTIMIZATION_LEVEL = 0;
				GCC_PREPROCESSOR_DEFINITIONS = (
					"DEBUG=1",
					"$(inherited)",
				);
				GCC_WARN_64_TO_32_BIT_CONVERSION = YES;
				GCC_WARN_ABOUT_RETURN_TYPE = YES_ERROR;
				GCC_WARN_UNDECLARED_SELECTOR = YES;
				GCC_WARN_UNINITIALIZED_AUTOS = YES_AGGRESSIVE;
				GCC_WARN_UNUSED_FUNCTION = YES;
				GCC_WARN_UNUSED_VARIABLE = YES;
				IPHONEOS_DEPLOYMENT_TARGET = 15.2;
				MTL_ENABLE_DEBUG_INFO = INCLUDE_SOURCE;
				MTL_FAST_MATH = YES;
				ONLY_ACTIVE_ARCH = YES;
				SDKROOT = iphoneos;
				SWIFT_ACTIVE_COMPILATION_CONDITIONS = DEBUG;
				SWIFT_OPTIMIZATION_LEVEL = "-Onone";
			};
			name = Debug;
		};
		8805401E283D3A1D007D2762 /* Release */ = {
			isa = XCBuildConfiguration;
			buildSettings = {
				ALWAYS_SEARCH_USER_PATHS = NO;
				CLANG_ANALYZER_NONNULL = YES;
				CLANG_ANALYZER_NUMBER_OBJECT_CONVERSION = YES_AGGRESSIVE;
				CLANG_CXX_LANGUAGE_STANDARD = "gnu++17";
				CLANG_ENABLE_MODULES = YES;
				CLANG_ENABLE_OBJC_ARC = YES;
				CLANG_ENABLE_OBJC_WEAK = YES;
				CLANG_WARN_BLOCK_CAPTURE_AUTORELEASING = YES;
				CLANG_WARN_BOOL_CONVERSION = YES;
				CLANG_WARN_COMMA = YES;
				CLANG_WARN_CONSTANT_CONVERSION = YES;
				CLANG_WARN_DEPRECATED_OBJC_IMPLEMENTATIONS = YES;
				CLANG_WARN_DIRECT_OBJC_ISA_USAGE = YES_ERROR;
				CLANG_WARN_DOCUMENTATION_COMMENTS = YES;
				CLANG_WARN_EMPTY_BODY = YES;
				CLANG_WARN_ENUM_CONVERSION = YES;
				CLANG_WARN_INFINITE_RECURSION = YES;
				CLANG_WARN_INT_CONVERSION = YES;
				CLANG_WARN_NON_LITERAL_NULL_CONVERSION = YES;
				CLANG_WARN_OBJC_IMPLICIT_RETAIN_SELF = YES;
				CLANG_WARN_OBJC_LITERAL_CONVERSION = YES;
				CLANG_WARN_OBJC_ROOT_CLASS = YES_ERROR;
				CLANG_WARN_QUOTED_INCLUDE_IN_FRAMEWORK_HEADER = YES;
				CLANG_WARN_RANGE_LOOP_ANALYSIS = YES;
				CLANG_WARN_STRICT_PROTOTYPES = YES;
				CLANG_WARN_SUSPICIOUS_MOVE = YES;
				CLANG_WARN_UNGUARDED_AVAILABILITY = YES_AGGRESSIVE;
				CLANG_WARN_UNREACHABLE_CODE = YES;
				CLANG_WARN__DUPLICATE_METHOD_MATCH = YES;
				COPY_PHASE_STRIP = NO;
				DEBUG_INFORMATION_FORMAT = "dwarf-with-dsym";
				ENABLE_NS_ASSERTIONS = NO;
				ENABLE_STRICT_OBJC_MSGSEND = YES;
				GCC_C_LANGUAGE_STANDARD = gnu11;
				GCC_NO_COMMON_BLOCKS = YES;
				GCC_WARN_64_TO_32_BIT_CONVERSION = YES;
				GCC_WARN_ABOUT_RETURN_TYPE = YES_ERROR;
				GCC_WARN_UNDECLARED_SELECTOR = YES;
				GCC_WARN_UNINITIALIZED_AUTOS = YES_AGGRESSIVE;
				GCC_WARN_UNUSED_FUNCTION = YES;
				GCC_WARN_UNUSED_VARIABLE = YES;
				IPHONEOS_DEPLOYMENT_TARGET = 15.2;
				MTL_ENABLE_DEBUG_INFO = NO;
				MTL_FAST_MATH = YES;
				SDKROOT = iphoneos;
				SWIFT_COMPILATION_MODE = wholemodule;
				SWIFT_OPTIMIZATION_LEVEL = "-O";
				VALIDATE_PRODUCT = YES;
			};
			name = Release;
		};
		88054020283D3A1D007D2762 /* Debug */ = {
			isa = XCBuildConfiguration;
			baseConfigurationReference = E17B295F1BF39E84CB111E0B /* Pods-RSSFeedReader.debug.xcconfig */;
			buildSettings = {
				ASSETCATALOG_COMPILER_APPICON_NAME = AppIcon;
				ASSETCATALOG_COMPILER_GLOBAL_ACCENT_COLOR_NAME = AccentColor;
				CODE_SIGN_STYLE = Automatic;
				CURRENT_PROJECT_VERSION = 1;
				DEVELOPMENT_TEAM = 48ZGK5S53A;
				GENERATE_INFOPLIST_FILE = YES;
				INFOPLIST_FILE = RSSFeedReader/Info.plist;
				INFOPLIST_KEY_UIApplicationSupportsIndirectInputEvents = YES;
				INFOPLIST_KEY_UILaunchStoryboardName = Main;
				INFOPLIST_KEY_UIMainStoryboardFile = Main;
				INFOPLIST_KEY_UISupportedInterfaceOrientations_iPad = "UIInterfaceOrientationPortrait UIInterfaceOrientationPortraitUpsideDown UIInterfaceOrientationLandscapeLeft UIInterfaceOrientationLandscapeRight";
				INFOPLIST_KEY_UISupportedInterfaceOrientations_iPhone = "UIInterfaceOrientationPortrait UIInterfaceOrientationLandscapeLeft UIInterfaceOrientationLandscapeRight";
				LD_RUNPATH_SEARCH_PATHS = (
					"$(inherited)",
					"@executable_path/Frameworks",
				);
				MARKETING_VERSION = 1.0;
				PRODUCT_BUNDLE_IDENTIFIER = com.oleksii.RSSFeedReader;
				PRODUCT_NAME = "$(TARGET_NAME)";
				SWIFT_EMIT_LOC_STRINGS = YES;
				SWIFT_VERSION = 5.0;
				TARGETED_DEVICE_FAMILY = "1,2";
			};
			name = Debug;
		};
		88054021283D3A1D007D2762 /* Release */ = {
			isa = XCBuildConfiguration;
			baseConfigurationReference = 95C78FC83EBD143D5C71536E /* Pods-RSSFeedReader.release.xcconfig */;
			buildSettings = {
				ASSETCATALOG_COMPILER_APPICON_NAME = AppIcon;
				ASSETCATALOG_COMPILER_GLOBAL_ACCENT_COLOR_NAME = AccentColor;
				CODE_SIGN_STYLE = Automatic;
				CURRENT_PROJECT_VERSION = 1;
				DEVELOPMENT_TEAM = 48ZGK5S53A;
				GENERATE_INFOPLIST_FILE = YES;
				INFOPLIST_FILE = RSSFeedReader/Info.plist;
				INFOPLIST_KEY_UIApplicationSupportsIndirectInputEvents = YES;
				INFOPLIST_KEY_UILaunchStoryboardName = Main;
				INFOPLIST_KEY_UIMainStoryboardFile = Main;
				INFOPLIST_KEY_UISupportedInterfaceOrientations_iPad = "UIInterfaceOrientationPortrait UIInterfaceOrientationPortraitUpsideDown UIInterfaceOrientationLandscapeLeft UIInterfaceOrientationLandscapeRight";
				INFOPLIST_KEY_UISupportedInterfaceOrientations_iPhone = "UIInterfaceOrientationPortrait UIInterfaceOrientationLandscapeLeft UIInterfaceOrientationLandscapeRight";
				LD_RUNPATH_SEARCH_PATHS = (
					"$(inherited)",
					"@executable_path/Frameworks",
				);
				MARKETING_VERSION = 1.0;
				PRODUCT_BUNDLE_IDENTIFIER = com.oleksii.RSSFeedReader;
				PRODUCT_NAME = "$(TARGET_NAME)";
				SWIFT_EMIT_LOC_STRINGS = YES;
				SWIFT_VERSION = 5.0;
				TARGETED_DEVICE_FAMILY = "1,2";
			};
			name = Release;
		};
/* End XCBuildConfiguration section */

/* Begin XCConfigurationList section */
		88054006283D3A1B007D2762 /* Build configuration list for PBXProject "RSSFeedReader" */ = {
			isa = XCConfigurationList;
			buildConfigurations = (
				8805401D283D3A1D007D2762 /* Debug */,
				8805401E283D3A1D007D2762 /* Release */,
			);
			defaultConfigurationIsVisible = 0;
			defaultConfigurationName = Release;
		};
		8805401F283D3A1D007D2762 /* Build configuration list for PBXNativeTarget "RSSFeedReader" */ = {
			isa = XCConfigurationList;
			buildConfigurations = (
				88054020283D3A1D007D2762 /* Debug */,
				88054021283D3A1D007D2762 /* Release */,
			);
			defaultConfigurationIsVisible = 0;
			defaultConfigurationName = Release;
		};
/* End XCConfigurationList section */
	};
	rootObject = 88054003283D3A1B007D2762 /* Project object */;
}
